{
  "nodes": {
    "flake-utils": {
      "locked": {
        "lastModified": 1667395993,
        "narHash": "sha256-nuEHfE/LcWyuSWnS8t12N1wc105Qtau+/OdUAjtQ0rA=",
        "owner": "numtide",
        "repo": "flake-utils",
        "rev": "5aed5285a952e0b949eb3ba02c12fa4fcfef535f",
        "type": "github"
      },
      "original": {
        "owner": "numtide",
        "repo": "flake-utils",
        "type": "github"
      }
    },
    "mc": {
      "flake": false,
      "locked": {
        "lastModified": 1705781340,
        "narHash": "sha256-Ii8Z/c9+1eXcSTuZIJBlK9kx81dRxJX4abfYKk/ZgdU=",
        "owner": "MidnightCommander",
        "repo": "mc",
        "rev": "953c10134767853a39e95caf9b04c7431f65d0e5",
        "type": "github"
      },
      "original": {
        "owner": "MidnightCommander",
        "repo": "mc",
        "type": "github"
      }
    },
    "mc-flake": {
      "inputs": {
        "mc": "mc",
        "nixpkgs": [
          "nixpkgs"
        ]
      },
      "locked": {
        "lastModified": 1705849292,
        "narHash": "sha256-sdcjZNwfQ+4nCm5XzSZEl0AYAwDTh3RpeDgF2oRjlb4=",
        "owner": "jutskitting",
        "repo": "midnight-commander-flake",
        "rev": "ae6a8e184d0f058378b5c5178731e17a802de5a2",
        "type": "github"
      },
      "original": {
        "owner": "jutskitting",
        "repo": "midnight-commander-flake",
        "type": "github"
      }
    },
    "neovim": {
      "inputs": {
        "flake-utils": "flake-utils",
        "nixpkgs": [
          "neovim-minimal",
          "nixpkgs"
        ]
      },
      "locked": {
        "dir": "contrib",
        "lastModified": 1703942320,
        "narHash": "sha256-CcaBqA0yFCffNPmXOJTo8c9v1jrEBiqAl8CG5Dj5YxE=",
        "owner": "neovim",
        "repo": "neovim",
        "rev": "8744ee8783a8597f9fce4a573ae05aca2f412120",
        "type": "github"
      },
      "original": {
        "dir": "contrib",
        "owner": "neovim",
        "ref": "stable",
        "repo": "neovim",
        "type": "github"
      }
    },
    "neovim-minimal": {
      "inputs": {
        "neovim": "neovim",
        "nixpkgs": [
          "nixpkgs"
        ]
      },
      "locked": {
        "lastModified": 1705454049,
        "narHash": "sha256-P2j6LkFTmoyoUv1xK0v/jKci+spnGtcH5+fMlj9E2LM=",
        "owner": "jutskitting",
        "repo": "nvim-minimal",
        "rev": "dc65b084aea2d39a796ae70ddfb76dcb49bb1286",
        "type": "github"
      },
      "original": {
        "owner": "jutskitting",
        "repo": "nvim-minimal",
        "type": "github"
      }
    },
    "nixpkgs": {
      "locked": {
        "lastModified": 1705677747,
        "narHash": "sha256-eyM3okYtMgYDgmYukoUzrmuoY4xl4FUujnsv/P6I/zI=",
        "owner": "nixos",
        "repo": "nixpkgs",
        "rev": "bbe7d8f876fbbe7c959c90ba2ae2852220573261",
        "type": "github"
      },
      "original": {
        "owner": "nixos",
        "ref": "nixos-unstable",
        "repo": "nixpkgs",
        "type": "github"
      }
    },
    "root": {
      "inputs": {
        "mc-flake": "mc-flake",
        "neovim-minimal": "neovim-minimal",
        "nixpkgs": "nixpkgs"
      }
    }
  },
  "root": "root",
  "version": 7
}
