{
  "nodes": {
    "alacritty-flake": {
      "inputs": {
        "nixpkgs": "nixpkgs"
      },
      "locked": {
        "lastModified": 1706067472,
        "narHash": "sha256-nKvGu4yP+DHHow2JaIbhHcYqth2d3YZF9GDcZt2/eQY=",
        "owner": "jutskitting",
        "repo": "alacritty-flake",
        "rev": "5db6ec5555a2d588d0774f9e2f7262e692f8b24e",
        "type": "github"
      },
      "original": {
        "owner": "jutskitting",
        "repo": "alacritty-flake",
        "type": "github"
      }
    },
    "flake-utils": {
      "inputs": {
        "systems": "systems"
      },
      "locked": {
        "lastModified": 1710146030,
        "narHash": "sha256-SZ5L6eA7HJ/nmkzGG7/ISclqe6oZdOZTNoesiInkXPQ=",
        "owner": "numtide",
        "repo": "flake-utils",
        "rev": "b1d9ab70662946ef0850d488da1c9019f3a9752a",
        "type": "github"
      },
      "original": {
        "owner": "numtide",
        "repo": "flake-utils",
        "type": "github"
      }
    },
    "flake-utils_2": {
      "locked": {
        "lastModified": 1667395993,
        "narHash": "sha256-nuEHfE/LcWyuSWnS8t12N1wc105Qtau+/OdUAjtQ0rA=",
        "owner": "numtide",
        "repo": "flake-utils",
        "rev": "5aed5285a952e0b949eb3ba02c12fa4fcfef535f",
        "type": "github"
      },
      "original": {
        "owner": "numtide",
        "repo": "flake-utils",
        "type": "github"
      }
    },
    "mc": {
      "flake": false,
      "locked": {
        "lastModified": 1711178090,
        "narHash": "sha256-e7sCM1Xiw7mvcT5tAvzFlFiVOgw4RcxBBrEYGahGW5E=",
        "owner": "MidnightCommander",
        "repo": "mc",
        "rev": "293e534f3e47b21edf54ff46614bab992e9a5414",
        "type": "github"
      },
      "original": {
        "owner": "MidnightCommander",
        "repo": "mc",
        "type": "github"
      }
    },
    "mc-flake": {
      "inputs": {
        "flake-utils": "flake-utils",
        "mc": "mc",
        "nixpkgs": "nixpkgs_2"
      },
      "locked": {
        "lastModified": 1712746594,
        "narHash": "sha256-Qh9mWeYHsU+dBp2NOeppZfa/l/FpwJHyg/hcAqDnnK0=",
        "path": "/home/kit/Documents/flakes/midnight-commander-flake",
        "type": "path"
      },
      "original": {
        "path": "/home/kit/Documents/flakes/midnight-commander-flake",
        "type": "path"
      }
    },
    "neovim": {
      "inputs": {
        "flake-utils": "flake-utils_2",
        "nixpkgs": [
          "neovim-minimal",
          "nixpkgs"
        ]
      },
      "locked": {
        "dir": "contrib",
        "lastModified": 1703942320,
        "narHash": "sha256-CcaBqA0yFCffNPmXOJTo8c9v1jrEBiqAl8CG5Dj5YxE=",
        "owner": "neovim",
        "repo": "neovim",
        "rev": "8744ee8783a8597f9fce4a573ae05aca2f412120",
        "type": "github"
      },
      "original": {
        "dir": "contrib",
        "owner": "neovim",
        "ref": "stable",
        "repo": "neovim",
        "type": "github"
      }
    },
    "neovim-minimal": {
      "inputs": {
        "neovim": "neovim",
        "nixpkgs": "nixpkgs_3"
      },
      "locked": {
        "lastModified": 1707031875,
        "narHash": "sha256-I7jssSMzer9qZAqszj60lHl24G/NNCFohYWU2qa9cmg=",
        "owner": "jutskitting",
        "repo": "nvim-minimal",
        "rev": "f3a402943cadec8abd9ef4e8d29358f62fdbc663",
        "type": "github"
      },
      "original": {
        "owner": "jutskitting",
        "repo": "nvim-minimal",
        "type": "github"
      }
    },
    "nixpkgs": {
      "locked": {
        "lastModified": 1705856552,
        "narHash": "sha256-JXfnuEf5Yd6bhMs/uvM67/joxYKoysyE3M2k6T3eWbg=",
        "owner": "NixOS",
        "repo": "nixpkgs",
        "rev": "612f97239e2cc474c13c9dafa0df378058c5ad8d",
        "type": "github"
      },
      "original": {
        "owner": "NixOS",
        "ref": "nixos-unstable",
        "repo": "nixpkgs",
        "type": "github"
      }
    },
    "nixpkgs_2": {
      "locked": {
        "lastModified": 1711703276,
        "narHash": "sha256-iMUFArF0WCatKK6RzfUJknjem0H9m4KgorO/p3Dopkk=",
        "owner": "NixOS",
        "repo": "nixpkgs",
        "rev": "d8fe5e6c92d0d190646fb9f1056741a229980089",
        "type": "github"
      },
      "original": {
        "owner": "NixOS",
        "ref": "nixos-unstable",
        "repo": "nixpkgs",
        "type": "github"
      }
    },
    "nixpkgs_3": {
      "locked": {
        "lastModified": 1704538339,
        "narHash": "sha256-1734d3mQuux9ySvwf6axRWZRBhtcZA9Q8eftD6EZg6U=",
        "owner": "NixOS",
        "repo": "nixpkgs",
        "rev": "46ae0210ce163b3cba6c7da08840c1d63de9c701",
        "type": "github"
      },
      "original": {
        "owner": "NixOS",
        "ref": "nixos-unstable",
        "repo": "nixpkgs",
        "type": "github"
      }
    },
    "nixpkgs_4": {
      "locked": {
        "lastModified": 1712608508,
        "narHash": "sha256-vMZ5603yU0wxgyQeHJryOI+O61yrX2AHwY6LOFyV1gM=",
        "owner": "nixos",
        "repo": "nixpkgs",
        "rev": "4cba8b53da471aea2ab2b0c1f30a81e7c451f4b6",
        "type": "github"
      },
      "original": {
        "owner": "nixos",
        "ref": "nixos-unstable",
        "repo": "nixpkgs",
        "type": "github"
      }
    },
    "root": {
      "inputs": {
        "alacritty-flake": "alacritty-flake",
        "mc-flake": "mc-flake",
        "neovim-minimal": "neovim-minimal",
        "nixpkgs": "nixpkgs_4"
      }
    },
    "systems": {
      "locked": {
        "lastModified": 1681028828,
        "narHash": "sha256-Vy1rq5AaRuLzOxct8nz4T6wlgyUR7zLU309k9mBC768=",
        "owner": "nix-systems",
        "repo": "default",
        "rev": "da67096a3b9bf56a91d16901293e51ba5b49a27e",
        "type": "github"
      },
      "original": {
        "owner": "nix-systems",
        "repo": "default",
        "type": "github"
      }
    }
  },
  "root": "root",
  "version": 7
}
