{
  "nodes": {
    "flake-utils": {
      "locked": {
        "lastModified": 1667395993,
        "narHash": "sha256-nuEHfE/LcWyuSWnS8t12N1wc105Qtau+/OdUAjtQ0rA=",
        "owner": "numtide",
        "repo": "flake-utils",
        "rev": "5aed5285a952e0b949eb3ba02c12fa4fcfef535f",
        "type": "github"
      },
      "original": {
        "owner": "numtide",
        "repo": "flake-utils",
        "type": "github"
      }
    },
    "mc": {
      "flake": false,
      "locked": {
        "lastModified": 1705781340,
        "narHash": "sha256-Ii8Z/c9+1eXcSTuZIJBlK9kx81dRxJX4abfYKk/ZgdU=",
        "owner": "MidnightCommander",
        "repo": "mc",
        "rev": "953c10134767853a39e95caf9b04c7431f65d0e5",
        "type": "github"
      },
      "original": {
        "owner": "MidnightCommander",
        "repo": "mc",
        "type": "github"
      }
    },
    "mc-flake": {
      "inputs": {
        "mc": "mc",
        "nixpkgs": [
          "nixpkgs"
        ]
      },
      "locked": {
        "lastModified": 1705885892,
        "narHash": "sha256-THGBfv0MTrPtlatEYJTct4Pr1ZxR+ailJnJ/L9vL8Lw=",
        "owner": "jutskitting",
        "repo": "midnight-commander-flake",
        "rev": "05d558dd69fa5844a4d0aeeacae1c7ceb8bc00d2",
        "type": "github"
      },
      "original": {
        "owner": "jutskitting",
        "repo": "midnight-commander-flake",
        "type": "github"
      }
    },
    "neovim": {
      "inputs": {
        "flake-utils": "flake-utils",
        "nixpkgs": [
          "neovim-minimal",
          "nixpkgs"
        ]
      },
      "locked": {
        "dir": "contrib",
        "lastModified": 1703942320,
        "narHash": "sha256-CcaBqA0yFCffNPmXOJTo8c9v1jrEBiqAl8CG5Dj5YxE=",
        "owner": "neovim",
        "repo": "neovim",
        "rev": "8744ee8783a8597f9fce4a573ae05aca2f412120",
        "type": "github"
      },
      "original": {
        "dir": "contrib",
        "owner": "neovim",
        "ref": "stable",
        "repo": "neovim",
        "type": "github"
      }
    },
    "neovim-minimal": {
      "inputs": {
        "neovim": "neovim",
        "nixpkgs": [
          "nixpkgs"
        ]
      },
      "locked": {
        "lastModified": 1705849621,
        "narHash": "sha256-deDHb3iJeFx9LwCVApoMnEoC3ushUWdCbhKQ8PCnEFI=",
        "owner": "jutskitting",
        "repo": "nvim-minimal",
        "rev": "71e1800e4ad316d12d49c7e51140de567df84acf",
        "type": "github"
      },
      "original": {
        "owner": "jutskitting",
        "repo": "nvim-minimal",
        "type": "github"
      }
    },
    "nixpkgs": {
      "locked": {
        "lastModified": 1705677747,
        "narHash": "sha256-eyM3okYtMgYDgmYukoUzrmuoY4xl4FUujnsv/P6I/zI=",
        "owner": "nixos",
        "repo": "nixpkgs",
        "rev": "bbe7d8f876fbbe7c959c90ba2ae2852220573261",
        "type": "github"
      },
      "original": {
        "owner": "nixos",
        "ref": "nixos-unstable",
        "repo": "nixpkgs",
        "type": "github"
      }
    },
    "root": {
      "inputs": {
        "mc-flake": "mc-flake",
        "neovim-minimal": "neovim-minimal",
        "nixpkgs": "nixpkgs"
      }
    }
  },
  "root": "root",
  "version": 7
}
